
Microsoft Visual Studio Solution File, Format Version 12.00
# Visual Studio Version 16
VisualStudioVersion = 16.0.31702.278
MinimumVisualStudioVersion = 10.0.40219.1
Project("{FAE04EC0-301F-11D3-BF4B-00C04F79EFBC}") = "RPSLSGAMEver4", "RPSLSGAMEver4\RPSLSGAMEver4.csproj", "{858393CA-5CE4-4620-B0D7-1DBF31FACBC9}"
EndProject
Project("{FAE04EC0-301F-11D3-BF4B-00C04F79EFBC}") = "RPSLSGAMETESTS", "RPSLSGAMETESTS\RPSLSGAMETESTS.csproj", "{FDC9FD56-3E7E-488E-96EF-1BB43925870E}"
EndProject
Global
	GlobalSection(SolutionConfigurationPlatforms) = preSolution
		Debug|Any CPU = Debug|Any CPU
		Release|Any CPU = Release|Any CPU
	EndGlobalSection
	GlobalSection(ProjectConfigurationPlatforms) = postSolution
		{858393CA-5CE4-4620-B0D7-1DBF31FACBC9}.Debug|Any CPU.ActiveCfg = Debug|Any CPU
		{858393CA-5CE4-4620-B0D7-1DBF31FACBC9}.Debug|Any CPU.Build.0 = Debug|Any CPU
		{858393CA-5CE4-4620-B0D7-1DBF31FACBC9}.Release|Any CPU.ActiveCfg = Release|Any CPU
		{858393CA-5CE4-4620-B0D7-1DBF31FACBC9}.Release|Any CPU.Build.0 = Release|Any CPU
		{FDC9FD56-3E7E-488E-96EF-1BB43925870E}.Debug|Any CPU.ActiveCfg = Debug|Any CPU
		{FDC9FD56-3E7E-488E-96EF-1BB43925870E}.Debug|Any CPU.Build.0 = Debug|Any CPU
		{FDC9FD56-3E7E-488E-96EF-1BB43925870E}.Release|Any CPU.ActiveCfg = Release|Any CPU
		{FDC9FD56-3E7E-488E-96EF-1BB43925870E}.Release|Any CPU.Build.0 = Release|Any CPU
	EndGlobalSection
	GlobalSection(SolutionProperties) = preSolution
		HideSolutionNode = FALSE
	EndGlobalSection
	GlobalSection(ExtensibilityGlobals) = postSolution
		SolutionGuid = {790343DF-4699-4A27-B0D3-474000DA81A8}
	EndGlobalSection
EndGlobal
